{
  "nodes": {
    "nixpkgs": {
      "locked": {
        "lastModified": 1783839097,
        "narHash": "sha256-q1a/1H/Z5DJ9PRIueWDtoQbfhO2zAwni9wPsKCa1mc0=",
        "owner": "NixOS",
        "repo": "nixpkgs",
        "rev": "f9948418dc8628ac02b6d6337e191ade9429d59d",
        "type": "github"
      },
      "original": {
        "owner": "NixOS",
        "repo": "nixpkgs",
        "rev": "f9948418dc8628ac02b6d6337e191ade9429d59d",
        "type": "github"
      }
    },
    "root": {
      "inputs": {
        "nixpkgs": "nixpkgs"
      }
    }
  },
  "root": "root",
  "version": 7
}
